{
  "name": "@javierguz10/projectb",
  "version": "0.1.2",
  "lockfileVersion": 1,
  "requires": true,
  "dependencies": {
    "@javierguz10/projecta": {
      "version": "0.1.0",
      "resolved": "http://npm.prod.hulu.com/@javierguz10%2fprojecta/-/projecta-0.1.0.tgz",
      "integrity": "sha512-Xlh9RLfYhf2fuwcX8Ceg+RC5TTDjVVsOQHpqU5OhP/sVUOgkSR/83yZ4rC0M7APj89Fkrysp4YseWmLGXoknRw=="
    }
  }
}
